
Microsoft Visual Studio Solution File, Format Version 12.00
# Visual Studio Version 16
VisualStudioVersion = 16.0.31410.357
MinimumVisualStudioVersion = 10.0.40219.1
Project("{FAE04EC0-301F-11D3-BF4B-00C04F79EFBC}") = "SuperAwesomeAnagramAssignment", "SuperAwesomeAnagramAssignment\SuperAwesomeAnagramAssignment.csproj", "{BD94C536-7D68-42D6-A25E-A4072022AB2A}"
EndProject
Project("{FAE04EC0-301F-11D3-BF4B-00C04F79EFBC}") = "SuperAwesomeAnagramAssignment.Tests", "SuperAwesomeAnagramAssignment.Tests\SuperAwesomeAnagramAssignment.Tests.csproj", "{D2E74F0C-5189-40B7-8BE3-257D206C920F}"
EndProject
Global
	GlobalSection(SolutionConfigurationPlatforms) = preSolution
		Debug|Any CPU = Debug|Any CPU
		Release|Any CPU = Release|Any CPU
	EndGlobalSection
	GlobalSection(ProjectConfigurationPlatforms) = postSolution
		{BD94C536-7D68-42D6-A25E-A4072022AB2A}.Debug|Any CPU.ActiveCfg = Debug|Any CPU
		{BD94C536-7D68-42D6-A25E-A4072022AB2A}.Debug|Any CPU.Build.0 = Debug|Any CPU
		{BD94C536-7D68-42D6-A25E-A4072022AB2A}.Release|Any CPU.ActiveCfg = Release|Any CPU
		{BD94C536-7D68-42D6-A25E-A4072022AB2A}.Release|Any CPU.Build.0 = Release|Any CPU
		{D2E74F0C-5189-40B7-8BE3-257D206C920F}.Debug|Any CPU.ActiveCfg = Debug|Any CPU
		{D2E74F0C-5189-40B7-8BE3-257D206C920F}.Debug|Any CPU.Build.0 = Debug|Any CPU
		{D2E74F0C-5189-40B7-8BE3-257D206C920F}.Release|Any CPU.ActiveCfg = Release|Any CPU
		{D2E74F0C-5189-40B7-8BE3-257D206C920F}.Release|Any CPU.Build.0 = Release|Any CPU
	EndGlobalSection
	GlobalSection(SolutionProperties) = preSolution
		HideSolutionNode = FALSE
	EndGlobalSection
	GlobalSection(ExtensibilityGlobals) = postSolution
		SolutionGuid = {54C09B44-4934-43DC-9C62-C470B9E92B64}
	EndGlobalSection
EndGlobal
